{
  "name": "docs",
  "lockfileVersion": 3,
  "requires": true,
  "packages": {
    "": {
      "dependencies": {
        "@memorymodel/client": "^0.0.2"
      }
    },
    "node_modules/@memorymodel/client": {
      "version": "0.0.2",
      "resolved": "https://registry.npmjs.org/@memorymodel/client/-/client-0.0.2.tgz",
      "integrity": "sha512-MNfo60Ro+jSf6Z8gWP4EHF5wkjMk+pl4TtU6Jxj9Cdfng7KfX+KczVIOIjNBqUIODbuHh2E++CoAblFJCLdl6A==",
      "license": "MIT",
      "dependencies": {
        "zod": "^3.22.4"
      }
    },
    "node_modules/zod": {
      "version": "3.25.76",
      "resolved": "https://registry.npmjs.org/zod/-/zod-3.25.76.tgz",
      "integrity": "sha512-gzUt/qt81nXsFGKIFcC3YnfEAx5NkunCfnDlvuBSSFS02bcXu4Lmea0AFIUwbLWxWPx3d9p8S5QoaujKcNQxcQ==",
      "license": "MIT",
      "funding": {
        "url": "https://github.com/sponsors/colinhacks"
      }
    }
  }
}
